
Microsoft Visual Studio Solution File, Format Version 12.00
# Visual Studio Version 16
VisualStudioVersion = 16.0.29215.179
MinimumVisualStudioVersion = 10.0.40219.1
Project("{FAE04EC0-301F-11D3-BF4B-00C04F79EFBC}") = "CoreCrud", "CoreCrud.csproj", "{B7524F3B-9F67-4A0D-8D71-A1CAC7362AFE}"
EndProject
Global
	GlobalSection(SolutionConfigurationPlatforms) = preSolution
		Debug|Any CPU = Debug|Any CPU
		Release|Any CPU = Release|Any CPU
	EndGlobalSection
	GlobalSection(ProjectConfigurationPlatforms) = postSolution
		{B7524F3B-9F67-4A0D-8D71-A1CAC7362AFE}.Debug|Any CPU.ActiveCfg = Debug|Any CPU
		{B7524F3B-9F67-4A0D-8D71-A1CAC7362AFE}.Debug|Any CPU.Build.0 = Debug|Any CPU
		{B7524F3B-9F67-4A0D-8D71-A1CAC7362AFE}.Release|Any CPU.ActiveCfg = Release|Any CPU
		{B7524F3B-9F67-4A0D-8D71-A1CAC7362AFE}.Release|Any CPU.Build.0 = Release|Any CPU
	EndGlobalSection
	GlobalSection(SolutionProperties) = preSolution
		HideSolutionNode = FALSE
	EndGlobalSection
	GlobalSection(ExtensibilityGlobals) = postSolution
		SolutionGuid = {3C829E38-7BA3-472E-99A2-4AD54CD131C2}
	EndGlobalSection
EndGlobal
