
Microsoft Visual Studio Solution File, Format Version 12.00
# Visual Studio Version 16
VisualStudioVersion = 16.0.29326.143
MinimumVisualStudioVersion = 10.0.40219.1
Project("{FAE04EC0-301F-11D3-BF4B-00C04F79EFBC}") = "FinalProject", "FinalProject\FinalProject.csproj", "{63C36EDF-5448-4C06-95C7-30F3924BB0ED}"
EndProject
Global
	GlobalSection(SolutionConfigurationPlatforms) = preSolution
		Debug|Any CPU = Debug|Any CPU
		Release|Any CPU = Release|Any CPU
	EndGlobalSection
	GlobalSection(ProjectConfigurationPlatforms) = postSolution
		{63C36EDF-5448-4C06-95C7-30F3924BB0ED}.Debug|Any CPU.ActiveCfg = Debug|Any CPU
		{63C36EDF-5448-4C06-95C7-30F3924BB0ED}.Debug|Any CPU.Build.0 = Debug|Any CPU
		{63C36EDF-5448-4C06-95C7-30F3924BB0ED}.Release|Any CPU.ActiveCfg = Release|Any CPU
		{63C36EDF-5448-4C06-95C7-30F3924BB0ED}.Release|Any CPU.Build.0 = Release|Any CPU
	EndGlobalSection
	GlobalSection(SolutionProperties) = preSolution
		HideSolutionNode = FALSE
	EndGlobalSection
	GlobalSection(ExtensibilityGlobals) = postSolution
		SolutionGuid = {DFB008C1-E66E-4649-84A8-932AE948AC81}
	EndGlobalSection
EndGlobal
